
Microsoft Visual Studio Solution File, Format Version 12.00
# Visual Studio 2013
VisualStudioVersion = 12.0.31101.0
MinimumVisualStudioVersion = 10.0.40219.1
Project("{FAE04EC0-301F-11D3-BF4B-00C04F79EFBC}") = "AcmeCursos", "AcmeCursos\AcmeCursos.csproj", "{24D3D7C5-5633-47F8-A266-E8747F565F9F}"
	ProjectSection(ProjectDependencies) = postProject
		{30CEC4A5-1C3E-4881-ACBA-56927D6356E3} = {30CEC4A5-1C3E-4881-ACBA-56927D6356E3}
	EndProjectSection
EndProject
Project("{FAE04EC0-301F-11D3-BF4B-00C04F79EFBC}") = "AcmeCursos.Models", "AcmeCursos.Models\AcmeCursos.Models.csproj", "{1F57357E-D9F6-4131-A7E6-0AFF65748851}"
EndProject
Project("{FAE04EC0-301F-11D3-BF4B-00C04F79EFBC}") = "AcmeCursos.WCF", "AcmeCursos.WCF\AcmeCursos.WCF.csproj", "{30CEC4A5-1C3E-4881-ACBA-56927D6356E3}"
EndProject
Project("{FAE04EC0-301F-11D3-BF4B-00C04F79EFBC}") = "AcmeCursos.WCFClient", "AcmeCursos.WCFClient\AcmeCursos.WCFClient.csproj", "{1477FE83-BD66-40B1-82B7-4C8308DD4040}"
	ProjectSection(ProjectDependencies) = postProject
		{30CEC4A5-1C3E-4881-ACBA-56927D6356E3} = {30CEC4A5-1C3E-4881-ACBA-56927D6356E3}
	EndProjectSection
EndProject
Global
	GlobalSection(TeamFoundationVersionControl) = preSolution
		SccNumberOfProjects = 5
		SccEnterpriseProvider = {4CA58AB2-18FA-4F8D-95D4-32DDF27D184C}
		SccTeamFoundationServer = https://alvaromenezes.visualstudio.com/defaultcollection
		SccLocalPath0 = .
		SccProjectUniqueName1 = AcmeCursos\\AcmeCursos.csproj
		SccProjectName1 = AcmeCursos
		SccLocalPath1 = AcmeCursos
		SccProjectUniqueName2 = AcmeCursos.Models\\AcmeCursos.Models.csproj
		SccProjectName2 = AcmeCursos.Models
		SccLocalPath2 = AcmeCursos.Models
		SccProjectUniqueName3 = AcmeCursos.WCF\\AcmeCursos.WCF.csproj
		SccProjectName3 = AcmeCursos.WCF
		SccLocalPath3 = AcmeCursos.WCF
		SccProjectUniqueName4 = AcmeCursos.WCFClient\\AcmeCursos.WCFClient.csproj
		SccProjectName4 = AcmeCursos.WCFClient
		SccLocalPath4 = AcmeCursos.WCFClient
	EndGlobalSection
	GlobalSection(SolutionConfigurationPlatforms) = preSolution
		Debug|Any CPU = Debug|Any CPU
		Release|Any CPU = Release|Any CPU
	EndGlobalSection
	GlobalSection(ProjectConfigurationPlatforms) = postSolution
		{24D3D7C5-5633-47F8-A266-E8747F565F9F}.Debug|Any CPU.ActiveCfg = Debug|Any CPU
		{24D3D7C5-5633-47F8-A266-E8747F565F9F}.Debug|Any CPU.Build.0 = Debug|Any CPU
		{24D3D7C5-5633-47F8-A266-E8747F565F9F}.Release|Any CPU.ActiveCfg = Release|Any CPU
		{24D3D7C5-5633-47F8-A266-E8747F565F9F}.Release|Any CPU.Build.0 = Release|Any CPU
		{1F57357E-D9F6-4131-A7E6-0AFF65748851}.Debug|Any CPU.ActiveCfg = Debug|Any CPU
		{1F57357E-D9F6-4131-A7E6-0AFF65748851}.Debug|Any CPU.Build.0 = Debug|Any CPU
		{1F57357E-D9F6-4131-A7E6-0AFF65748851}.Release|Any CPU.ActiveCfg = Release|Any CPU
		{1F57357E-D9F6-4131-A7E6-0AFF65748851}.Release|Any CPU.Build.0 = Release|Any CPU
		{30CEC4A5-1C3E-4881-ACBA-56927D6356E3}.Debug|Any CPU.ActiveCfg = Debug|Any CPU
		{30CEC4A5-1C3E-4881-ACBA-56927D6356E3}.Debug|Any CPU.Build.0 = Debug|Any CPU
		{30CEC4A5-1C3E-4881-ACBA-56927D6356E3}.Release|Any CPU.ActiveCfg = Release|Any CPU
		{30CEC4A5-1C3E-4881-ACBA-56927D6356E3}.Release|Any CPU.Build.0 = Release|Any CPU
		{1477FE83-BD66-40B1-82B7-4C8308DD4040}.Debug|Any CPU.ActiveCfg = Debug|Any CPU
		{1477FE83-BD66-40B1-82B7-4C8308DD4040}.Debug|Any CPU.Build.0 = Debug|Any CPU
		{1477FE83-BD66-40B1-82B7-4C8308DD4040}.Release|Any CPU.ActiveCfg = Release|Any CPU
		{1477FE83-BD66-40B1-82B7-4C8308DD4040}.Release|Any CPU.Build.0 = Release|Any CPU
	EndGlobalSection
	GlobalSection(SolutionProperties) = preSolution
		HideSolutionNode = FALSE
	EndGlobalSection
EndGlobal
